
Microsoft Visual Studio Solution File, Format Version 12.00
# Visual Studio 14
VisualStudioVersion = 14.0.25420.1
MinimumVisualStudioVersion = 10.0.40219.1
Project("{FAE04EC0-301F-11D3-BF4B-00C04F79EFBC}") = "Benchmark", "Benchmark\Benchmark.csproj", "{770284EB-5533-4F6E-8238-860C80417F19}"
EndProject
Project("{2150E333-8FDC-42A3-9474-1A3956D46DE8}") = "Parsers", "Parsers", "{CAE3D99B-A21C-484E-B52F-844D41B3611A}"
EndProject
Project("{FAE04EC0-301F-11D3-BF4B-00C04F79EFBC}") = "Common", "Common\Common.csproj", "{1D1439AF-3527-4340-9C63-00AD1773918D}"
EndProject
Project("{FAE04EC0-301F-11D3-BF4B-00C04F79EFBC}") = "Parsers.UnitTests", "Parsers.UnitTests\Parsers.UnitTests.csproj", "{B3D6BC1B-2112-43A1-B433-9DD2AEDDBE47}"
EndProject
Project("{FAE04EC0-301F-11D3-BF4B-00C04F79EFBC}") = "Parser_v_1_1", "Parser_v_1_1\Parser_v_1_1.csproj", "{6E256811-A622-4CEE-A601-BDD31E32DB2E}"
EndProject
Project("{FAE04EC0-301F-11D3-BF4B-00C04F79EFBC}") = "Parser_v_0_1", "Parser_v_0_1\Parser_v_0_1.csproj", "{BA5EC4EB-97B1-450A-8087-ADAF7199F8C1}"
EndProject
Project("{FAE04EC0-301F-11D3-BF4B-00C04F79EFBC}") = "Parser_v_0_2", "Parser_v_0_2\Parser_v_0_2.csproj", "{CDBCF239-442D-4C86-90CD-33402E41A965}"
EndProject
Project("{FAE04EC0-301F-11D3-BF4B-00C04F79EFBC}") = "Parser_v_0_3", "Parser_v_0_3\Parser_v_0_3.csproj", "{E456C374-A38E-45BF-9946-7439FA018127}"
EndProject
Project("{FAE04EC0-301F-11D3-BF4B-00C04F79EFBC}") = "Parser_v_0_4", "Parser_v_0_4\Parser_v_0_4.csproj", "{91B5DC59-FEB1-465F-9A86-22D8E2C6F994}"
EndProject
Project("{FAE04EC0-301F-11D3-BF4B-00C04F79EFBC}") = "Parser_v_0_5", "Parser_v_0_5\Parser_v_0_5.csproj", "{5806C6DF-F334-4433-9328-5365D0650BCD}"
EndProject
Project("{FAE04EC0-301F-11D3-BF4B-00C04F79EFBC}") = "Parser_v_0_6", "Parser_v_0_6\Parser_v_0_6.csproj", "{F77BFD25-F918-4FCF-8FDF-FF3DD1C521C5}"
EndProject
Project("{FAE04EC0-301F-11D3-BF4B-00C04F79EFBC}") = "Parser_v_0_7", "Parser_v_0_7\Parser_v_0_7.csproj", "{E7340275-3FDF-4F0E-B2BF-F1159B027F7D}"
EndProject
Project("{FAE04EC0-301F-11D3-BF4B-00C04F79EFBC}") = "Parser_v_0_8", "Parser_v_0_8\Parser_v_0_8.csproj", "{263E39AD-9F45-4956-AF09-0D23ACA9D3C8}"
EndProject
Project("{FAE04EC0-301F-11D3-BF4B-00C04F79EFBC}") = "Parser_v_0_9", "Parser_v_0_9\Parser_v_0_9.csproj", "{A5C40C2A-6E9A-47AD-94CA-7BD3387CA728}"
EndProject
Project("{FAE04EC0-301F-11D3-BF4B-00C04F79EFBC}") = "Parser_v_0_10", "Parser_v_0_10\Parser_v_0_10.csproj", "{834AF3BA-7EF3-43C6-99C1-913170D577BD}"
EndProject
Project("{FAE04EC0-301F-11D3-BF4B-00C04F79EFBC}") = "Parser_v_0_11", "Parser_v_0_11\Parser_v_0_11.csproj", "{C252E63C-0BAD-472D-B731-9D8CF182D13E}"
EndProject
Project("{FAE04EC0-301F-11D3-BF4B-00C04F79EFBC}") = "Parser_v_2_0", "Parser_v_2_0\Parser_v_2_0.csproj", "{FDB906A8-8B14-40EE-8A7D-3594EC489AA2}"
EndProject
Project("{FAE04EC0-301F-11D3-BF4B-00C04F79EFBC}") = "Parser_v_0_12", "Parser_v_0_12\Parser_v_0_12.csproj", "{C05241F7-89BA-420E-9185-B78B370F2B2D}"
EndProject
Project("{FAE04EC0-301F-11D3-BF4B-00C04F79EFBC}") = "Parser_v_1_2", "Parser_v_1_2\Parser_v_1_2.csproj", "{FCAA92AA-CDB4-4FD3-9CA5-E27D269D4212}"
EndProject
Project("{FAE04EC0-301F-11D3-BF4B-00C04F79EFBC}") = "Parser_v_3_0", "Parser_v_3_0\Parser_v_3_0.csproj", "{11ACCAA6-719A-47E9-9803-DDB343B8F44F}"
EndProject
Project("{FAE04EC0-301F-11D3-BF4B-00C04F79EFBC}") = "Parser_v_4_0", "Parser_v_4_0\Parser_v_4_0.csproj", "{8AEA4252-1EBA-4325-9E1E-38ADA5C29E78}"
EndProject
Project("{FAE04EC0-301F-11D3-BF4B-00C04F79EFBC}") = "Parser_v_4_1", "Parser_v_4_1\Parser_v_4_1.csproj", "{7B1F9525-C278-4D57-B589-7160E99F0FDC}"
EndProject
Project("{FAE04EC0-301F-11D3-BF4B-00C04F79EFBC}") = "Parser_v_4_2", "Parser_v_4_2\Parser_v_4_2.csproj", "{4307A5C3-8D34-4DC2-8197-A13D28523C62}"
EndProject
Global
	GlobalSection(SolutionConfigurationPlatforms) = preSolution
		Debug|Any CPU = Debug|Any CPU
		Release|Any CPU = Release|Any CPU
	EndGlobalSection
	GlobalSection(ProjectConfigurationPlatforms) = postSolution
		{770284EB-5533-4F6E-8238-860C80417F19}.Debug|Any CPU.ActiveCfg = Debug|Any CPU
		{770284EB-5533-4F6E-8238-860C80417F19}.Debug|Any CPU.Build.0 = Debug|Any CPU
		{770284EB-5533-4F6E-8238-860C80417F19}.Release|Any CPU.ActiveCfg = Release|Any CPU
		{770284EB-5533-4F6E-8238-860C80417F19}.Release|Any CPU.Build.0 = Release|Any CPU
		{1D1439AF-3527-4340-9C63-00AD1773918D}.Debug|Any CPU.ActiveCfg = Debug|Any CPU
		{1D1439AF-3527-4340-9C63-00AD1773918D}.Debug|Any CPU.Build.0 = Debug|Any CPU
		{1D1439AF-3527-4340-9C63-00AD1773918D}.Release|Any CPU.ActiveCfg = Release|Any CPU
		{1D1439AF-3527-4340-9C63-00AD1773918D}.Release|Any CPU.Build.0 = Release|Any CPU
		{B3D6BC1B-2112-43A1-B433-9DD2AEDDBE47}.Debug|Any CPU.ActiveCfg = Debug|Any CPU
		{B3D6BC1B-2112-43A1-B433-9DD2AEDDBE47}.Debug|Any CPU.Build.0 = Debug|Any CPU
		{B3D6BC1B-2112-43A1-B433-9DD2AEDDBE47}.Release|Any CPU.ActiveCfg = Release|Any CPU
		{B3D6BC1B-2112-43A1-B433-9DD2AEDDBE47}.Release|Any CPU.Build.0 = Release|Any CPU
		{6E256811-A622-4CEE-A601-BDD31E32DB2E}.Debug|Any CPU.ActiveCfg = Debug|Any CPU
		{6E256811-A622-4CEE-A601-BDD31E32DB2E}.Debug|Any CPU.Build.0 = Debug|Any CPU
		{6E256811-A622-4CEE-A601-BDD31E32DB2E}.Release|Any CPU.ActiveCfg = Release|Any CPU
		{6E256811-A622-4CEE-A601-BDD31E32DB2E}.Release|Any CPU.Build.0 = Release|Any CPU
		{BA5EC4EB-97B1-450A-8087-ADAF7199F8C1}.Debug|Any CPU.ActiveCfg = Debug|Any CPU
		{BA5EC4EB-97B1-450A-8087-ADAF7199F8C1}.Debug|Any CPU.Build.0 = Debug|Any CPU
		{BA5EC4EB-97B1-450A-8087-ADAF7199F8C1}.Release|Any CPU.ActiveCfg = Release|Any CPU
		{BA5EC4EB-97B1-450A-8087-ADAF7199F8C1}.Release|Any CPU.Build.0 = Release|Any CPU
		{CDBCF239-442D-4C86-90CD-33402E41A965}.Debug|Any CPU.ActiveCfg = Debug|Any CPU
		{CDBCF239-442D-4C86-90CD-33402E41A965}.Debug|Any CPU.Build.0 = Debug|Any CPU
		{CDBCF239-442D-4C86-90CD-33402E41A965}.Release|Any CPU.ActiveCfg = Release|Any CPU
		{CDBCF239-442D-4C86-90CD-33402E41A965}.Release|Any CPU.Build.0 = Release|Any CPU
		{E456C374-A38E-45BF-9946-7439FA018127}.Debug|Any CPU.ActiveCfg = Debug|Any CPU
		{E456C374-A38E-45BF-9946-7439FA018127}.Debug|Any CPU.Build.0 = Debug|Any CPU
		{E456C374-A38E-45BF-9946-7439FA018127}.Release|Any CPU.ActiveCfg = Release|Any CPU
		{E456C374-A38E-45BF-9946-7439FA018127}.Release|Any CPU.Build.0 = Release|Any CPU
		{91B5DC59-FEB1-465F-9A86-22D8E2C6F994}.Debug|Any CPU.ActiveCfg = Debug|Any CPU
		{91B5DC59-FEB1-465F-9A86-22D8E2C6F994}.Debug|Any CPU.Build.0 = Debug|Any CPU
		{91B5DC59-FEB1-465F-9A86-22D8E2C6F994}.Release|Any CPU.ActiveCfg = Release|Any CPU
		{91B5DC59-FEB1-465F-9A86-22D8E2C6F994}.Release|Any CPU.Build.0 = Release|Any CPU
		{5806C6DF-F334-4433-9328-5365D0650BCD}.Debug|Any CPU.ActiveCfg = Debug|Any CPU
		{5806C6DF-F334-4433-9328-5365D0650BCD}.Debug|Any CPU.Build.0 = Debug|Any CPU
		{5806C6DF-F334-4433-9328-5365D0650BCD}.Release|Any CPU.ActiveCfg = Release|Any CPU
		{5806C6DF-F334-4433-9328-5365D0650BCD}.Release|Any CPU.Build.0 = Release|Any CPU
		{F77BFD25-F918-4FCF-8FDF-FF3DD1C521C5}.Debug|Any CPU.ActiveCfg = Debug|Any CPU
		{F77BFD25-F918-4FCF-8FDF-FF3DD1C521C5}.Debug|Any CPU.Build.0 = Debug|Any CPU
		{F77BFD25-F918-4FCF-8FDF-FF3DD1C521C5}.Release|Any CPU.ActiveCfg = Release|Any CPU
		{F77BFD25-F918-4FCF-8FDF-FF3DD1C521C5}.Release|Any CPU.Build.0 = Release|Any CPU
		{E7340275-3FDF-4F0E-B2BF-F1159B027F7D}.Debug|Any CPU.ActiveCfg = Debug|Any CPU
		{E7340275-3FDF-4F0E-B2BF-F1159B027F7D}.Debug|Any CPU.Build.0 = Debug|Any CPU
		{E7340275-3FDF-4F0E-B2BF-F1159B027F7D}.Release|Any CPU.ActiveCfg = Release|Any CPU
		{E7340275-3FDF-4F0E-B2BF-F1159B027F7D}.Release|Any CPU.Build.0 = Release|Any CPU
		{263E39AD-9F45-4956-AF09-0D23ACA9D3C8}.Debug|Any CPU.ActiveCfg = Debug|Any CPU
		{263E39AD-9F45-4956-AF09-0D23ACA9D3C8}.Debug|Any CPU.Build.0 = Debug|Any CPU
		{263E39AD-9F45-4956-AF09-0D23ACA9D3C8}.Release|Any CPU.ActiveCfg = Release|Any CPU
		{263E39AD-9F45-4956-AF09-0D23ACA9D3C8}.Release|Any CPU.Build.0 = Release|Any CPU
		{A5C40C2A-6E9A-47AD-94CA-7BD3387CA728}.Debug|Any CPU.ActiveCfg = Debug|Any CPU
		{A5C40C2A-6E9A-47AD-94CA-7BD3387CA728}.Debug|Any CPU.Build.0 = Debug|Any CPU
		{A5C40C2A-6E9A-47AD-94CA-7BD3387CA728}.Release|Any CPU.ActiveCfg = Release|Any CPU
		{A5C40C2A-6E9A-47AD-94CA-7BD3387CA728}.Release|Any CPU.Build.0 = Release|Any CPU
		{834AF3BA-7EF3-43C6-99C1-913170D577BD}.Debug|Any CPU.ActiveCfg = Debug|Any CPU
		{834AF3BA-7EF3-43C6-99C1-913170D577BD}.Debug|Any CPU.Build.0 = Debug|Any CPU
		{834AF3BA-7EF3-43C6-99C1-913170D577BD}.Release|Any CPU.ActiveCfg = Release|Any CPU
		{834AF3BA-7EF3-43C6-99C1-913170D577BD}.Release|Any CPU.Build.0 = Release|Any CPU
		{C252E63C-0BAD-472D-B731-9D8CF182D13E}.Debug|Any CPU.ActiveCfg = Debug|Any CPU
		{C252E63C-0BAD-472D-B731-9D8CF182D13E}.Debug|Any CPU.Build.0 = Debug|Any CPU
		{C252E63C-0BAD-472D-B731-9D8CF182D13E}.Release|Any CPU.ActiveCfg = Release|Any CPU
		{C252E63C-0BAD-472D-B731-9D8CF182D13E}.Release|Any CPU.Build.0 = Release|Any CPU
		{FDB906A8-8B14-40EE-8A7D-3594EC489AA2}.Debug|Any CPU.ActiveCfg = Debug|Any CPU
		{FDB906A8-8B14-40EE-8A7D-3594EC489AA2}.Debug|Any CPU.Build.0 = Debug|Any CPU
		{FDB906A8-8B14-40EE-8A7D-3594EC489AA2}.Release|Any CPU.ActiveCfg = Release|Any CPU
		{FDB906A8-8B14-40EE-8A7D-3594EC489AA2}.Release|Any CPU.Build.0 = Release|Any CPU
		{C05241F7-89BA-420E-9185-B78B370F2B2D}.Debug|Any CPU.ActiveCfg = Debug|Any CPU
		{C05241F7-89BA-420E-9185-B78B370F2B2D}.Debug|Any CPU.Build.0 = Debug|Any CPU
		{C05241F7-89BA-420E-9185-B78B370F2B2D}.Release|Any CPU.ActiveCfg = Release|Any CPU
		{C05241F7-89BA-420E-9185-B78B370F2B2D}.Release|Any CPU.Build.0 = Release|Any CPU
		{FCAA92AA-CDB4-4FD3-9CA5-E27D269D4212}.Debug|Any CPU.ActiveCfg = Debug|Any CPU
		{FCAA92AA-CDB4-4FD3-9CA5-E27D269D4212}.Debug|Any CPU.Build.0 = Debug|Any CPU
		{FCAA92AA-CDB4-4FD3-9CA5-E27D269D4212}.Release|Any CPU.ActiveCfg = Release|Any CPU
		{FCAA92AA-CDB4-4FD3-9CA5-E27D269D4212}.Release|Any CPU.Build.0 = Release|Any CPU
		{11ACCAA6-719A-47E9-9803-DDB343B8F44F}.Debug|Any CPU.ActiveCfg = Debug|Any CPU
		{11ACCAA6-719A-47E9-9803-DDB343B8F44F}.Debug|Any CPU.Build.0 = Debug|Any CPU
		{11ACCAA6-719A-47E9-9803-DDB343B8F44F}.Release|Any CPU.ActiveCfg = Release|Any CPU
		{11ACCAA6-719A-47E9-9803-DDB343B8F44F}.Release|Any CPU.Build.0 = Release|Any CPU
		{8AEA4252-1EBA-4325-9E1E-38ADA5C29E78}.Debug|Any CPU.ActiveCfg = Debug|Any CPU
		{8AEA4252-1EBA-4325-9E1E-38ADA5C29E78}.Debug|Any CPU.Build.0 = Debug|Any CPU
		{8AEA4252-1EBA-4325-9E1E-38ADA5C29E78}.Release|Any CPU.ActiveCfg = Release|Any CPU
		{8AEA4252-1EBA-4325-9E1E-38ADA5C29E78}.Release|Any CPU.Build.0 = Release|Any CPU
		{7B1F9525-C278-4D57-B589-7160E99F0FDC}.Debug|Any CPU.ActiveCfg = Debug|Any CPU
		{7B1F9525-C278-4D57-B589-7160E99F0FDC}.Debug|Any CPU.Build.0 = Debug|Any CPU
		{7B1F9525-C278-4D57-B589-7160E99F0FDC}.Release|Any CPU.ActiveCfg = Release|Any CPU
		{7B1F9525-C278-4D57-B589-7160E99F0FDC}.Release|Any CPU.Build.0 = Release|Any CPU
		{4307A5C3-8D34-4DC2-8197-A13D28523C62}.Debug|Any CPU.ActiveCfg = Debug|Any CPU
		{4307A5C3-8D34-4DC2-8197-A13D28523C62}.Debug|Any CPU.Build.0 = Debug|Any CPU
		{4307A5C3-8D34-4DC2-8197-A13D28523C62}.Release|Any CPU.ActiveCfg = Release|Any CPU
		{4307A5C3-8D34-4DC2-8197-A13D28523C62}.Release|Any CPU.Build.0 = Release|Any CPU
	EndGlobalSection
	GlobalSection(SolutionProperties) = preSolution
		HideSolutionNode = FALSE
	EndGlobalSection
	GlobalSection(NestedProjects) = preSolution
		{6E256811-A622-4CEE-A601-BDD31E32DB2E} = {CAE3D99B-A21C-484E-B52F-844D41B3611A}
		{BA5EC4EB-97B1-450A-8087-ADAF7199F8C1} = {CAE3D99B-A21C-484E-B52F-844D41B3611A}
		{CDBCF239-442D-4C86-90CD-33402E41A965} = {CAE3D99B-A21C-484E-B52F-844D41B3611A}
		{E456C374-A38E-45BF-9946-7439FA018127} = {CAE3D99B-A21C-484E-B52F-844D41B3611A}
		{91B5DC59-FEB1-465F-9A86-22D8E2C6F994} = {CAE3D99B-A21C-484E-B52F-844D41B3611A}
		{5806C6DF-F334-4433-9328-5365D0650BCD} = {CAE3D99B-A21C-484E-B52F-844D41B3611A}
		{F77BFD25-F918-4FCF-8FDF-FF3DD1C521C5} = {CAE3D99B-A21C-484E-B52F-844D41B3611A}
		{E7340275-3FDF-4F0E-B2BF-F1159B027F7D} = {CAE3D99B-A21C-484E-B52F-844D41B3611A}
		{263E39AD-9F45-4956-AF09-0D23ACA9D3C8} = {CAE3D99B-A21C-484E-B52F-844D41B3611A}
		{A5C40C2A-6E9A-47AD-94CA-7BD3387CA728} = {CAE3D99B-A21C-484E-B52F-844D41B3611A}
		{834AF3BA-7EF3-43C6-99C1-913170D577BD} = {CAE3D99B-A21C-484E-B52F-844D41B3611A}
		{C252E63C-0BAD-472D-B731-9D8CF182D13E} = {CAE3D99B-A21C-484E-B52F-844D41B3611A}
		{FDB906A8-8B14-40EE-8A7D-3594EC489AA2} = {CAE3D99B-A21C-484E-B52F-844D41B3611A}
		{C05241F7-89BA-420E-9185-B78B370F2B2D} = {CAE3D99B-A21C-484E-B52F-844D41B3611A}
		{FCAA92AA-CDB4-4FD3-9CA5-E27D269D4212} = {CAE3D99B-A21C-484E-B52F-844D41B3611A}
		{11ACCAA6-719A-47E9-9803-DDB343B8F44F} = {CAE3D99B-A21C-484E-B52F-844D41B3611A}
		{8AEA4252-1EBA-4325-9E1E-38ADA5C29E78} = {CAE3D99B-A21C-484E-B52F-844D41B3611A}
		{7B1F9525-C278-4D57-B589-7160E99F0FDC} = {CAE3D99B-A21C-484E-B52F-844D41B3611A}
		{4307A5C3-8D34-4DC2-8197-A13D28523C62} = {CAE3D99B-A21C-484E-B52F-844D41B3611A}
	EndGlobalSection
EndGlobal
